
Microsoft Visual Studio Solution File, Format Version 12.00
# Visual Studio 14
VisualStudioVersion = 14.0.23107.0
MinimumVisualStudioVersion = 10.0.40219.1
Project("{FAE04EC0-301F-11D3-BF4B-00C04F79EFBC}") = "CSharp_Net-module1_2_3-lab", "CSharp_Net-module1_2_3-lab\CSharp_Net-module1_2_3-lab.csproj", "{AEAAA4C0-B663-4447-98AD-E11039BA81BC}"
EndProject
Global
	GlobalSection(SolutionConfigurationPlatforms) = preSolution
		Debug|Any CPU = Debug|Any CPU
		Release|Any CPU = Release|Any CPU
	EndGlobalSection
	GlobalSection(ProjectConfigurationPlatforms) = postSolution
		{AEAAA4C0-B663-4447-98AD-E11039BA81BC}.Debug|Any CPU.ActiveCfg = Debug|Any CPU
		{AEAAA4C0-B663-4447-98AD-E11039BA81BC}.Debug|Any CPU.Build.0 = Debug|Any CPU
		{AEAAA4C0-B663-4447-98AD-E11039BA81BC}.Release|Any CPU.ActiveCfg = Release|Any CPU
		{AEAAA4C0-B663-4447-98AD-E11039BA81BC}.Release|Any CPU.Build.0 = Release|Any CPU
	EndGlobalSection
	GlobalSection(SolutionProperties) = preSolution
		HideSolutionNode = FALSE
	EndGlobalSection
EndGlobal
